
Microsoft Visual Studio Solution File, Format Version 12.00
# Visual Studio Version 16
VisualStudioVersion = 16.0.30907.101
MinimumVisualStudioVersion = 10.0.40219.1
Project("{FAE04EC0-301F-11D3-BF4B-00C04F79EFBC}") = "RentaPeliculas", "RentaPeliculas\RentaPeliculas.csproj", "{BC0A3209-000A-4D29-8E07-E1A299E2BA84}"
EndProject
Global
	GlobalSection(SolutionConfigurationPlatforms) = preSolution
		Debug|Any CPU = Debug|Any CPU
		Release|Any CPU = Release|Any CPU
	EndGlobalSection
	GlobalSection(ProjectConfigurationPlatforms) = postSolution
		{BC0A3209-000A-4D29-8E07-E1A299E2BA84}.Debug|Any CPU.ActiveCfg = Debug|Any CPU
		{BC0A3209-000A-4D29-8E07-E1A299E2BA84}.Debug|Any CPU.Build.0 = Debug|Any CPU
		{BC0A3209-000A-4D29-8E07-E1A299E2BA84}.Release|Any CPU.ActiveCfg = Release|Any CPU
		{BC0A3209-000A-4D29-8E07-E1A299E2BA84}.Release|Any CPU.Build.0 = Release|Any CPU
	EndGlobalSection
	GlobalSection(SolutionProperties) = preSolution
		HideSolutionNode = FALSE
	EndGlobalSection
	GlobalSection(ExtensibilityGlobals) = postSolution
		SolutionGuid = {9A7F7508-9EB7-4763-A53C-578A633A5C1B}
	EndGlobalSection
EndGlobal
